# This file is automatically @generated by Cargo.
# It is not intended for manual editing.
version = 4

[[package]]
name = "structa-ast"
version = "0.1.0"

[[package]]
name = "structa-cli"
version = "0.1.0"
dependencies = [
 "structa-codegen",
 "structa-core",
 "structa-lexer",
 "structa-parser",
 "structa-transformer",
]

[[package]]
name = "structa-codegen"
version = "0.1.0"
dependencies = [
 "structa-ast",
]

[[package]]
name = "structa-core"
version = "0.1.0"

[[package]]
name = "structa-lexer"
version = "0.1.0"

[[package]]
name = "structa-parser"
version = "0.1.0"
dependencies = [
 "structa-ast",
 "structa-lexer",
]

[[package]]
name = "structa-transformer"
version = "0.1.0"
dependencies = [
 "structa-ast",
]

[[package]]
name = "structa-utils"
version = "0.1.0"
